
Microsoft Visual Studio Solution File, Format Version 12.00
# Visual Studio Version 16
VisualStudioVersion = 16.0.29709.97
MinimumVisualStudioVersion = 10.0.40219.1
Project("{FAE04EC0-301F-11D3-BF4B-00C04F79EFBC}") = "SpotifyFinder v2", "SpotifyFinder v2\SpotifyFinder v2.csproj", "{FA71645E-C7B2-48C9-A682-01585D9E2140}"
EndProject
Global
	GlobalSection(SolutionConfigurationPlatforms) = preSolution
		Debug|Any CPU = Debug|Any CPU
		Release|Any CPU = Release|Any CPU
	EndGlobalSection
	GlobalSection(ProjectConfigurationPlatforms) = postSolution
		{FA71645E-C7B2-48C9-A682-01585D9E2140}.Debug|Any CPU.ActiveCfg = Debug|Any CPU
		{FA71645E-C7B2-48C9-A682-01585D9E2140}.Debug|Any CPU.Build.0 = Debug|Any CPU
		{FA71645E-C7B2-48C9-A682-01585D9E2140}.Release|Any CPU.ActiveCfg = Release|Any CPU
		{FA71645E-C7B2-48C9-A682-01585D9E2140}.Release|Any CPU.Build.0 = Release|Any CPU
	EndGlobalSection
	GlobalSection(SolutionProperties) = preSolution
		HideSolutionNode = FALSE
	EndGlobalSection
	GlobalSection(ExtensibilityGlobals) = postSolution
		SolutionGuid = {5F870EC0-28BB-4082-AE93-EBD0FAD3EE74}
	EndGlobalSection
EndGlobal
